
Microsoft Visual Studio Solution File, Format Version 12.00
# Visual Studio Version 17
VisualStudioVersion = 17.11.35219.272
MinimumVisualStudioVersion = 10.0.40219.1
Project("{FAE04EC0-301F-11D3-BF4B-00C04F79EFBC}") = "mvp_onboarding.Server", "mvp_onboarding.Server\mvp_onboarding.Server.csproj", "{D3A775CB-3FF4-4B8C-BABC-C6408654A7CC}"
EndProject
Project("{54A90642-561A-4BB1-A94E-469ADEE60C69}") = "mvp_onboarding.client", "mvp_onboarding.client\mvp_onboarding.client.esproj", "{4989EE45-C5A2-49B0-8A46-D16527A83FB4}"
EndProject
Global
	GlobalSection(SolutionConfigurationPlatforms) = preSolution
		Debug|Any CPU = Debug|Any CPU
		Release|Any CPU = Release|Any CPU
	EndGlobalSection
	GlobalSection(ProjectConfigurationPlatforms) = postSolution
		{D3A775CB-3FF4-4B8C-BABC-C6408654A7CC}.Debug|Any CPU.ActiveCfg = Debug|Any CPU
		{D3A775CB-3FF4-4B8C-BABC-C6408654A7CC}.Debug|Any CPU.Build.0 = Debug|Any CPU
		{D3A775CB-3FF4-4B8C-BABC-C6408654A7CC}.Release|Any CPU.ActiveCfg = Release|Any CPU
		{D3A775CB-3FF4-4B8C-BABC-C6408654A7CC}.Release|Any CPU.Build.0 = Release|Any CPU
		{4989EE45-C5A2-49B0-8A46-D16527A83FB4}.Debug|Any CPU.ActiveCfg = Debug|Any CPU
		{4989EE45-C5A2-49B0-8A46-D16527A83FB4}.Debug|Any CPU.Build.0 = Debug|Any CPU
		{4989EE45-C5A2-49B0-8A46-D16527A83FB4}.Debug|Any CPU.Deploy.0 = Debug|Any CPU
		{4989EE45-C5A2-49B0-8A46-D16527A83FB4}.Release|Any CPU.ActiveCfg = Release|Any CPU
		{4989EE45-C5A2-49B0-8A46-D16527A83FB4}.Release|Any CPU.Build.0 = Release|Any CPU
		{4989EE45-C5A2-49B0-8A46-D16527A83FB4}.Release|Any CPU.Deploy.0 = Release|Any CPU
	EndGlobalSection
	GlobalSection(SolutionProperties) = preSolution
		HideSolutionNode = FALSE
	EndGlobalSection
	GlobalSection(ExtensibilityGlobals) = postSolution
		SolutionGuid = {76EE2383-A091-492D-8484-AE2EB9FC94C1}
	EndGlobalSection
EndGlobal
